<?xml version="1.0" encoding="utf-8"?>
<Project ToolsVersion="4.0" xmlns="http://schemas.microsoft.com/developer/msbuild/2003">
  <ItemGroup>
    <ClCompile Include="GraphicsModule.cpp" />
    <ClCompile Include="Common\Color.cpp">
      <Filter>Common</Filter>
    </ClCompile>
    <ClCompile Include="GHI\Buffer\Buffer.cpp">
      <Filter>GHI\Buffer</Filter>
    </ClCompile>
    <ClCompile Include="GHI\Buffer\IndexBuffer.cpp">
      <Filter>GHI\Buffer</Filter>
    </ClCompile>
    <ClCompile Include="GHI\Buffer\UniformBuffer.cpp">
      <Filter>GHI\Buffer</Filter>
    </ClCompile>
    <ClCompile Include="GHI\Buffer\VertexArrayManager.cpp">
      <Filter>GHI\Buffer</Filter>
    </ClCompile>
    <ClCompile Include="GHI\Buffer\VertexArray.cpp">
      <Filter>GHI\Buffer</Filter>
    </ClCompile>
    <ClCompile Include="GHI\Buffer\VertexBuffer.cpp">
      <Filter>GHI\Buffer</Filter>
    </ClCompile>
    <ClCompile Include="GHI\Texture\Framebuffer.cpp">
      <Filter>GHI\Texture</Filter>
    </ClCompile>
    <ClCompile Include="GHI\Texture\Texture.cpp">
      <Filter>GHI\Texture</Filter>
    </ClCompile>
    <ClCompile Include="GHI\Texture\TextureManager.cpp">
      <Filter>GHI\Texture</Filter>
    </ClCompile>
    <ClCompile Include="GHI\Shader\Shader.cpp">
      <Filter>GHI\Shader</Filter>
    </ClCompile>
    <ClCompile Include="GHI\Shader\ShaderManager.cpp">
      <Filter>GHI\Shader</Filter>
    </ClCompile>
    <ClCompile Include="GHI\Shader\ShaderProgram.cpp">
      <Filter>GHI\Shader</Filter>
    </ClCompile>
    <ClCompile Include="GHI\Query\Query.cpp">
      <Filter>GHI\Query</Filter>
    </ClCompile>
    <ClCompile Include="GHI\Backend\OpenGL\GLGHI.cpp">
      <Filter>GHI\Backend\OpenGL</Filter>
    </ClCompile>
    <ClCompile Include="Geometry\Geometry.cpp">
      <Filter>Geometry</Filter>
    </ClCompile>
    <ClCompile Include="Rendering\2D\Renderer2D.cpp">
      <Filter>Rendering\2D</Filter>
    </ClCompile>
    <ClCompile Include="Rendering\2D\Sprite.cpp">
      <Filter>Rendering\2D</Filter>
    </ClCompile>
    <ClCompile Include="Rendering\2D\Tilemap.cpp">
      <Filter>Rendering\2D</Filter>
    </ClCompile>
    <ClCompile Include="Rendering\2D\Tilesheet.cpp">
      <Filter>Rendering\2D</Filter>
    </ClCompile>
    <ClCompile Include="Rendering\Camera\Camera.cpp">
      <Filter>Rendering\Camera</Filter>
    </ClCompile>
    <ClCompile Include="Rendering\Camera\2D\Camera2D.cpp">
      <Filter>Rendering\Camera\2D</Filter>
    </ClCompile>
    <ClCompile Include="Rendering\Scene\SceneNode.cpp">
      <Filter>Rendering\Scene</Filter>
    </ClCompile>
    <ClCompile Include="Rendering\Renderer.cpp">
      <Filter>Rendering</Filter>
    </ClCompile>
  </ItemGroup>
  <ItemGroup>
    <ClInclude Include="Export.h" />
    <ClInclude Include="GraphicsModule.h" />
    <ClInclude Include="Common\Common.h">
      <Filter>Common</Filter>
    </ClInclude>
    <ClInclude Include="Common\Color.h">
      <Filter>Common</Filter>
    </ClInclude>
    <ClInclude Include="GHI\GHI.h">
      <Filter>GHI</Filter>
    </ClInclude>
    <ClInclude Include="GHI\GHICommon.h">
      <Filter>GHI</Filter>
    </ClInclude>
    <ClInclude Include="GHI\Buffer\Buffer.h">
      <Filter>GHI\Buffer</Filter>
    </ClInclude>
    <ClInclude Include="GHI\Buffer\IndexBuffer.h">
      <Filter>GHI\Buffer</Filter>
    </ClInclude>
    <ClInclude Include="GHI\Buffer\UniformBuffer.h">
      <Filter>GHI\Buffer</Filter>
    </ClInclude>
    <ClInclude Include="GHI\Buffer\VertexArrayManager.h">
      <Filter>GHI\Buffer</Filter>
    </ClInclude>
    <ClInclude Include="GHI\Buffer\VertexArray.h">
      <Filter>GHI\Buffer</Filter>
    </ClInclude>
    <ClInclude Include="GHI\Buffer\VertexBuffer.h">
      <Filter>GHI\Buffer</Filter>
    </ClInclude>
    <ClInclude Include="GHI\Texture\Framebuffer.h">
      <Filter>GHI\Texture</Filter>
    </ClInclude>
    <ClInclude Include="GHI\Texture\Texture.h">
      <Filter>GHI\Texture</Filter>
    </ClInclude>
    <ClInclude Include="GHI\Texture\TextureManager.h">
      <Filter>GHI\Texture</Filter>
    </ClInclude>
    <ClInclude Include="GHI\Shader\Shader.h">
      <Filter>GHI\Shader</Filter>
    </ClInclude>
    <ClInclude Include="GHI\Shader\ShaderManager.h">
      <Filter>GHI\Shader</Filter>
    </ClInclude>
    <ClInclude Include="GHI\Shader\ShaderProgram.h">
      <Filter>GHI\Shader</Filter>
    </ClInclude>
    <ClInclude Include="GHI\Query\Query.h">
      <Filter>GHI\Query</Filter>
    </ClInclude>
    <ClInclude Include="GHI\Query\QueryManager.h">
      <Filter>GHI\Query</Filter>
    </ClInclude>
    <ClInclude Include="Geometry\Geometry.h">
      <Filter>Geometry</Filter>
    </ClInclude>
    <ClInclude Include="Geometry\MeshBuilder.h">
      <Filter>Geometry</Filter>
    </ClInclude>
    <ClInclude Include="Rendering\2D\Renderer2D.h">
      <Filter>Rendering\2D</Filter>
    </ClInclude>
    <ClInclude Include="Rendering\2D\Tilesheet.h">
      <Filter>Rendering\2D</Filter>
    </ClInclude>
    <ClInclude Include="Rendering\2D\Tilemap.h">
      <Filter>Rendering\2D</Filter>
    </ClInclude>
    <ClInclude Include="Rendering\2D\Sprite.h">
      <Filter>Rendering\2D</Filter>
    </ClInclude>
    <ClInclude Include="Rendering\Camera\Camera.h">
      <Filter>Rendering\Camera</Filter>
    </ClInclude>
    <ClInclude Include="Rendering\Camera\2D\Camera2D.h">
      <Filter>Rendering\Camera\2D</Filter>
    </ClInclude>
    <ClInclude Include="Rendering\Scene\SceneNode.h">
      <Filter>Rendering\Scene</Filter>
    </ClInclude>
    <ClInclude Include="Rendering\Renderer.h">
      <Filter>Rendering</Filter>
    </ClInclude>
  </ItemGroup>
  <ItemGroup>
    <Filter Include="Rendering">
      <UniqueIdentifier>{1f3ad7c9-99f2-44a3-a3f0-ce5941314b58}</UniqueIdentifier>
    </Filter>
    <Filter Include="Common">
      <UniqueIdentifier>{2da46827-690d-48ff-a346-7b952756eff6}</UniqueIdentifier>
    </Filter>
    <Filter Include="GHI">
      <UniqueIdentifier>{559cec36-82c8-44c4-99f5-6804043f3f35}</UniqueIdentifier>
    </Filter>
    <Filter Include="GHI\Buffer">
      <UniqueIdentifier>{a62e9497-73b6-4b78-8970-fe3b21bb1b28}</UniqueIdentifier>
    </Filter>
    <Filter Include="GHI\Query">
      <UniqueIdentifier>{34cbbd10-7e75-4f6e-aa56-0a09fff3f4c1}</UniqueIdentifier>
    </Filter>
    <Filter Include="GHI\Texture">
      <UniqueIdentifier>{afeecd60-da1e-4532-a9ba-a4601323c3f7}</UniqueIdentifier>
    </Filter>
    <Filter Include="GHI\Shader">
      <UniqueIdentifier>{7baf73e1-0824-4cf7-95a5-19c6b4a3c9fc}</UniqueIdentifier>
    </Filter>
    <Filter Include="GHI\Backend">
      <UniqueIdentifier>{2992a9f2-e22d-48fa-9b0f-b478bd8fe02c}</UniqueIdentifier>
    </Filter>
    <Filter Include="GHI\Backend\OpenGL">
      <UniqueIdentifier>{18ee692f-bedc-44b4-bbf5-59368a162949}</UniqueIdentifier>
    </Filter>
    <Filter Include="Geometry">
      <UniqueIdentifier>{9c06db6c-a989-48c8-bd01-5d365070d41e}</UniqueIdentifier>
    </Filter>
    <Filter Include="Rendering\2D">
      <UniqueIdentifier>{ecde186a-3711-47b8-90ac-0227da84c112}</UniqueIdentifier>
    </Filter>
    <Filter Include="Rendering\Camera">
      <UniqueIdentifier>{93e15059-4898-491c-9dcd-18ffc4a24d27}</UniqueIdentifier>
    </Filter>
    <Filter Include="Rendering\Camera\2D">
      <UniqueIdentifier>{a40b4abc-ebb4-4e77-983e-54aa50d50c44}</UniqueIdentifier>
    </Filter>
    <Filter Include="Rendering\Scene">
      <UniqueIdentifier>{b73d9866-3e46-4d6d-bcd9-68bfdc90f315}</UniqueIdentifier>
    </Filter>
  </ItemGroup>
</Project>