<?xml version="1.0" encoding="utf-8"?>
<Project ToolsVersion="4.0" xmlns="http://schemas.microsoft.com/developer/msbuild/2003">
  <ItemGroup>
    <ClCompile Include="GraphicsModule.cpp" />
    <ClCompile Include="Shader\ShaderManager.cpp">
      <Filter>Shader</Filter>
    </ClCompile>
    <ClCompile Include="Texture\TextureManager.cpp">
      <Filter>Texture</Filter>
    </ClCompile>
    <ClCompile Include="Renderer\Renderer.cpp">
      <Filter>Renderer</Filter>
    </ClCompile>
    <ClCompile Include="Shader\Shader.cpp">
      <Filter>Shader</Filter>
    </ClCompile>
    <ClCompile Include="RHI\RHI.cpp">
      <Filter>RHI</Filter>
    </ClCompile>
    <ClCompile Include="Shader\ShaderProgram.cpp">
      <Filter>Shader</Filter>
    </ClCompile>
    <ClCompile Include="RHI\RHIObject.cpp">
      <Filter>RHI</Filter>
    </ClCompile>
    <ClCompile Include="Buffer\Buffer.cpp">
      <Filter>Buffer</Filter>
    </ClCompile>
    <ClCompile Include="Buffer\VertexBuffer.cpp">
      <Filter>Buffer</Filter>
    </ClCompile>
    <ClCompile Include="Geometry\VertexArray.cpp">
      <Filter>Geometry</Filter>
    </ClCompile>
    <ClCompile Include="Buffer\IndexBuffer.cpp">
      <Filter>Buffer</Filter>
    </ClCompile>
    <ClCompile Include="Texture\Texture.cpp">
      <Filter>Texture</Filter>
    </ClCompile>
    <ClCompile Include="Renderer\RenderObject.cpp">
      <Filter>Renderer</Filter>
    </ClCompile>
    <ClCompile Include="Renderer\RenderBatch.cpp">
      <Filter>Renderer</Filter>
    </ClCompile>
    <ClCompile Include="Geometry\Geometry.cpp">
      <Filter>Geometry</Filter>
    </ClCompile>
  </ItemGroup>
  <ItemGroup>
    <ClInclude Include="Export.h" />
    <ClInclude Include="GraphicsModule.h" />
    <ClInclude Include="Shader\ShaderManager.h">
      <Filter>Shader</Filter>
    </ClInclude>
    <ClInclude Include="Texture\TextureManager.h">
      <Filter>Texture</Filter>
    </ClInclude>
    <ClInclude Include="Renderer\Renderer.h">
      <Filter>Renderer</Filter>
    </ClInclude>
    <ClInclude Include="RHI\RHI.h">
      <Filter>RHI</Filter>
    </ClInclude>
    <ClInclude Include="RHI\RHIDefinitions.h">
      <Filter>RHI</Filter>
    </ClInclude>
    <ClInclude Include="Shader\ShaderProgram.h">
      <Filter>Shader</Filter>
    </ClInclude>
    <ClInclude Include="Shader\Shader.h">
      <Filter>Shader</Filter>
    </ClInclude>
    <ClInclude Include="RHI\RHIObject.h">
      <Filter>RHI</Filter>
    </ClInclude>
    <ClInclude Include="Buffer\Buffer.h">
      <Filter>Buffer</Filter>
    </ClInclude>
    <ClInclude Include="Buffer\VertexBuffer.h">
      <Filter>Buffer</Filter>
    </ClInclude>
    <ClInclude Include="Geometry\VertexArray.h">
      <Filter>Geometry</Filter>
    </ClInclude>
    <ClInclude Include="Buffer\IndexBuffer.h">
      <Filter>Buffer</Filter>
    </ClInclude>
    <ClInclude Include="Texture\Texture.h">
      <Filter>Texture</Filter>
    </ClInclude>
    <ClInclude Include="Renderer\RenderObject.h">
      <Filter>Renderer</Filter>
    </ClInclude>
    <ClInclude Include="Renderer\RenderBatch.h">
      <Filter>Renderer</Filter>
    </ClInclude>
    <ClInclude Include="Geometry\Geometry.h">
      <Filter>Geometry</Filter>
    </ClInclude>
    <ClInclude Include="RHI\RHIConstants.h">
      <Filter>RHI</Filter>
    </ClInclude>
  </ItemGroup>
  <ItemGroup>
    <Filter Include="Shader">
      <UniqueIdentifier>{24c27162-bfd0-4fef-b392-44f8ecadef32}</UniqueIdentifier>
    </Filter>
    <Filter Include="Renderer">
      <UniqueIdentifier>{1f3ad7c9-99f2-44a3-a3f0-ce5941314b58}</UniqueIdentifier>
    </Filter>
    <Filter Include="RHI">
      <UniqueIdentifier>{f6affcf5-bfe3-4c65-8bc6-3fef50e1e909}</UniqueIdentifier>
    </Filter>
    <Filter Include="Texture">
      <UniqueIdentifier>{ff4b3592-9ea5-428b-b284-70ef36cc7569}</UniqueIdentifier>
    </Filter>
    <Filter Include="Buffer">
      <UniqueIdentifier>{daa964b9-12a2-46d2-91ff-91cb8389fc72}</UniqueIdentifier>
    </Filter>
    <Filter Include="Geometry">
      <UniqueIdentifier>{5bb27752-982f-4918-9965-3a8d0dc9620f}</UniqueIdentifier>
    </Filter>
  </ItemGroup>
</Project>