<?xml version="1.0" encoding="utf-8"?>
<Project ToolsVersion="4.0" xmlns="http://schemas.microsoft.com/developer/msbuild/2003">
  <ItemGroup>
    <ClCompile Include="RuntimeModule.cpp" />
  </ItemGroup>
  <ItemGroup>
    <ClInclude Include="RuntimeModule.h" />
    <ClInclude Include="Export.h" />
    <ClInclude Include="Object\Object.h">
      <Filter>Object</Filter>
    </ClInclude>
  </ItemGroup>
  <ItemGroup>
    <Filter Include="Object">
      <UniqueIdentifier>{cfd082ba-9480-42f6-913e-07767c317ae0}</UniqueIdentifier>
    </Filter>
  </ItemGroup>
</Project>