
Microsoft Visual Studio Solution File, Format Version 12.00
# Visual Studio Version 16
VisualStudioVersion = 16.0.30204.135
MinimumVisualStudioVersion = 10.0.40219.1
Project("{8BC9CEB8-8B4A-11D0-8D11-00A0C91BC942}") = "GambitEngine", "Engine\GambitEngine.vcxproj", "{D490082A-01F1-4811-B9B5-5A1D71E60240}"
	ProjectSection(ProjectDependencies) = postProject
		{7500C21C-886A-48D7-8529-947BEF591FFF} = {7500C21C-886A-48D7-8529-947BEF591FFF}
		{6440823E-F0EA-426F-A969-C385E8489509} = {6440823E-F0EA-426F-A969-C385E8489509}
		{C63DB6A3-37EA-4F2B-9074-E8FD11CAECAD} = {C63DB6A3-37EA-4F2B-9074-E8FD11CAECAD}
	EndProjectSection
EndProject
Project("{8BC9CEB8-8B4A-11D0-8D11-00A0C91BC942}") = "GambitBase", "Base\GambitBase.vcxproj", "{6440823E-F0EA-426F-A969-C385E8489509}"
EndProject
Project("{8BC9CEB8-8B4A-11D0-8D11-00A0C91BC942}") = "GambitDevice", "Device\GambitDevice.vcxproj", "{C63DB6A3-37EA-4F2B-9074-E8FD11CAECAD}"
	ProjectSection(ProjectDependencies) = postProject
		{6440823E-F0EA-426F-A969-C385E8489509} = {6440823E-F0EA-426F-A969-C385E8489509}
	EndProjectSection
EndProject
Project("{8BC9CEB8-8B4A-11D0-8D11-00A0C91BC942}") = "GambitGraphics", "Graphics\GambitGraphics.vcxproj", "{7500C21C-886A-48D7-8529-947BEF591FFF}"
	ProjectSection(ProjectDependencies) = postProject
		{6440823E-F0EA-426F-A969-C385E8489509} = {6440823E-F0EA-426F-A969-C385E8489509}
		{C63DB6A3-37EA-4F2B-9074-E8FD11CAECAD} = {C63DB6A3-37EA-4F2B-9074-E8FD11CAECAD}
	EndProjectSection
EndProject
Global
	GlobalSection(SolutionConfigurationPlatforms) = preSolution
		Debug|x64 = Debug|x64
		Release|x64 = Release|x64
	EndGlobalSection
	GlobalSection(ProjectConfigurationPlatforms) = postSolution
		{D490082A-01F1-4811-B9B5-5A1D71E60240}.Debug|x64.ActiveCfg = Debug|x64
		{D490082A-01F1-4811-B9B5-5A1D71E60240}.Debug|x64.Build.0 = Debug|x64
		{D490082A-01F1-4811-B9B5-5A1D71E60240}.Release|x64.ActiveCfg = Release|x64
		{D490082A-01F1-4811-B9B5-5A1D71E60240}.Release|x64.Build.0 = Release|x64
		{6440823E-F0EA-426F-A969-C385E8489509}.Debug|x64.ActiveCfg = Debug|x64
		{6440823E-F0EA-426F-A969-C385E8489509}.Debug|x64.Build.0 = Debug|x64
		{6440823E-F0EA-426F-A969-C385E8489509}.Release|x64.ActiveCfg = Release|x64
		{6440823E-F0EA-426F-A969-C385E8489509}.Release|x64.Build.0 = Release|x64
		{C63DB6A3-37EA-4F2B-9074-E8FD11CAECAD}.Debug|x64.ActiveCfg = Debug|x64
		{C63DB6A3-37EA-4F2B-9074-E8FD11CAECAD}.Debug|x64.Build.0 = Debug|x64
		{C63DB6A3-37EA-4F2B-9074-E8FD11CAECAD}.Release|x64.ActiveCfg = Release|x64
		{C63DB6A3-37EA-4F2B-9074-E8FD11CAECAD}.Release|x64.Build.0 = Release|x64
		{7500C21C-886A-48D7-8529-947BEF591FFF}.Debug|x64.ActiveCfg = Debug|x64
		{7500C21C-886A-48D7-8529-947BEF591FFF}.Debug|x64.Build.0 = Debug|x64
		{7500C21C-886A-48D7-8529-947BEF591FFF}.Release|x64.ActiveCfg = Release|x64
		{7500C21C-886A-48D7-8529-947BEF591FFF}.Release|x64.Build.0 = Release|x64
	EndGlobalSection
	GlobalSection(SolutionProperties) = preSolution
		HideSolutionNode = FALSE
	EndGlobalSection
	GlobalSection(ExtensibilityGlobals) = postSolution
		SolutionGuid = {5D42369A-3C61-4056-B330-7215A2D69092}
	EndGlobalSection
EndGlobal
